
Microsoft Visual Studio Solution File, Format Version 12.00
# Visual Studio Version 16
VisualStudioVersion = 16.0.31729.503
MinimumVisualStudioVersion = 10.0.40219.1
Project("{FAE04EC0-301F-11D3-BF4B-00C04F79EFBC}") = "4Lab2Sem(Csharp)", "4Lab2Sem(Csharp)\4Lab2Sem(Csharp).csproj", "{598F90B4-CAF9-464E-8A66-87FEA6ECF8E2}"
EndProject
Global
	GlobalSection(SolutionConfigurationPlatforms) = preSolution
		Debug|Any CPU = Debug|Any CPU
		Release|Any CPU = Release|Any CPU
	EndGlobalSection
	GlobalSection(ProjectConfigurationPlatforms) = postSolution
		{598F90B4-CAF9-464E-8A66-87FEA6ECF8E2}.Debug|Any CPU.ActiveCfg = Debug|Any CPU
		{598F90B4-CAF9-464E-8A66-87FEA6ECF8E2}.Debug|Any CPU.Build.0 = Debug|Any CPU
		{598F90B4-CAF9-464E-8A66-87FEA6ECF8E2}.Release|Any CPU.ActiveCfg = Release|Any CPU
		{598F90B4-CAF9-464E-8A66-87FEA6ECF8E2}.Release|Any CPU.Build.0 = Release|Any CPU
	EndGlobalSection
	GlobalSection(SolutionProperties) = preSolution
		HideSolutionNode = FALSE
	EndGlobalSection
	GlobalSection(ExtensibilityGlobals) = postSolution
		SolutionGuid = {BDDB50DA-FB9B-40D7-9FC5-23B8F23228A8}
	EndGlobalSection
EndGlobal
