
Microsoft Visual Studio Solution File, Format Version 12.00
# Visual Studio Version 16
VisualStudioVersion = 16.0.31729.503
MinimumVisualStudioVersion = 10.0.40219.1
Project("{FAE04EC0-301F-11D3-BF4B-00C04F79EFBC}") = "2Lab2Sem(Csharp)", "2Lab2Sem(Csharp)\2Lab2Sem(Csharp).csproj", "{D39E2D77-C28D-47A7-A107-3BF7D9D93D5A}"
EndProject
Global
	GlobalSection(SolutionConfigurationPlatforms) = preSolution
		Debug|Any CPU = Debug|Any CPU
		Release|Any CPU = Release|Any CPU
	EndGlobalSection
	GlobalSection(ProjectConfigurationPlatforms) = postSolution
		{D39E2D77-C28D-47A7-A107-3BF7D9D93D5A}.Debug|Any CPU.ActiveCfg = Debug|Any CPU
		{D39E2D77-C28D-47A7-A107-3BF7D9D93D5A}.Debug|Any CPU.Build.0 = Debug|Any CPU
		{D39E2D77-C28D-47A7-A107-3BF7D9D93D5A}.Release|Any CPU.ActiveCfg = Release|Any CPU
		{D39E2D77-C28D-47A7-A107-3BF7D9D93D5A}.Release|Any CPU.Build.0 = Release|Any CPU
	EndGlobalSection
	GlobalSection(SolutionProperties) = preSolution
		HideSolutionNode = FALSE
	EndGlobalSection
	GlobalSection(ExtensibilityGlobals) = postSolution
		SolutionGuid = {DDBCC92A-DEBC-4677-84C4-A7FE8AC17D1E}
	EndGlobalSection
EndGlobal
