
Microsoft Visual Studio Solution File, Format Version 12.00
# Visual Studio Version 16
VisualStudioVersion = 16.0.31729.503
MinimumVisualStudioVersion = 10.0.40219.1
Project("{FAE04EC0-301F-11D3-BF4B-00C04F79EFBC}") = "1Lab3Sem(Csharp)", "1Lab3Sem(Csharp)\1Lab3Sem(Csharp).csproj", "{A05FEE38-C492-4F90-854E-2AFA8E990DF0}"
EndProject
Global
	GlobalSection(SolutionConfigurationPlatforms) = preSolution
		Debug|Any CPU = Debug|Any CPU
		Release|Any CPU = Release|Any CPU
	EndGlobalSection
	GlobalSection(ProjectConfigurationPlatforms) = postSolution
		{A05FEE38-C492-4F90-854E-2AFA8E990DF0}.Debug|Any CPU.ActiveCfg = Debug|Any CPU
		{A05FEE38-C492-4F90-854E-2AFA8E990DF0}.Debug|Any CPU.Build.0 = Debug|Any CPU
		{A05FEE38-C492-4F90-854E-2AFA8E990DF0}.Release|Any CPU.ActiveCfg = Release|Any CPU
		{A05FEE38-C492-4F90-854E-2AFA8E990DF0}.Release|Any CPU.Build.0 = Release|Any CPU
	EndGlobalSection
	GlobalSection(SolutionProperties) = preSolution
		HideSolutionNode = FALSE
	EndGlobalSection
	GlobalSection(ExtensibilityGlobals) = postSolution
		SolutionGuid = {2170D3C4-46E8-4529-B23A-A0C342EFF305}
	EndGlobalSection
EndGlobal
